
Microsoft Visual Studio Solution File, Format Version 12.00
# Visual Studio 15
VisualStudioVersion = 15.0.27130.2003
MinimumVisualStudioVersion = 10.0.40219.1
Project("{8BC9CEB8-8B4A-11D0-8D11-00A0C91BC942}") = "FeatherFall_Engine-core", "FeatherFall_Engine-core\FeatherFall_Engine-core.vcxproj", "{9CF74133-78AA-401E-A051-51CFCFB797F2}"
EndProject
Project("{8BC9CEB8-8B4A-11D0-8D11-00A0C91BC942}") = "FeatherFall-Examples", "FeatherFall-Examples\FeatherFall-Examples.vcxproj", "{78AC7BA9-CF8D-4B13-9A99-FDC1093B1298}"
EndProject
Global
	GlobalSection(SolutionConfigurationPlatforms) = preSolution
		Debug|Any CPU = Debug|Any CPU
		Debug|x64 = Debug|x64
		Debug|x86 = Debug|x86
		Release|Any CPU = Release|Any CPU
		Release|x64 = Release|x64
		Release|x86 = Release|x86
	EndGlobalSection
	GlobalSection(ProjectConfigurationPlatforms) = postSolution
		{9CF74133-78AA-401E-A051-51CFCFB797F2}.Debug|Any CPU.ActiveCfg = Debug|Win32
		{9CF74133-78AA-401E-A051-51CFCFB797F2}.Debug|x64.ActiveCfg = Debug|x64
		{9CF74133-78AA-401E-A051-51CFCFB797F2}.Debug|x64.Build.0 = Debug|x64
		{9CF74133-78AA-401E-A051-51CFCFB797F2}.Debug|x86.ActiveCfg = Debug|Win32
		{9CF74133-78AA-401E-A051-51CFCFB797F2}.Debug|x86.Build.0 = Debug|Win32
		{9CF74133-78AA-401E-A051-51CFCFB797F2}.Release|Any CPU.ActiveCfg = Release|Win32
		{9CF74133-78AA-401E-A051-51CFCFB797F2}.Release|x64.ActiveCfg = Release|x64
		{9CF74133-78AA-401E-A051-51CFCFB797F2}.Release|x64.Build.0 = Release|x64
		{9CF74133-78AA-401E-A051-51CFCFB797F2}.Release|x86.ActiveCfg = Release|Win32
		{9CF74133-78AA-401E-A051-51CFCFB797F2}.Release|x86.Build.0 = Release|Win32
		{78AC7BA9-CF8D-4B13-9A99-FDC1093B1298}.Debug|Any CPU.ActiveCfg = Debug|Win32
		{78AC7BA9-CF8D-4B13-9A99-FDC1093B1298}.Debug|x64.ActiveCfg = Debug|x64
		{78AC7BA9-CF8D-4B13-9A99-FDC1093B1298}.Debug|x64.Build.0 = Debug|x64
		{78AC7BA9-CF8D-4B13-9A99-FDC1093B1298}.Debug|x86.ActiveCfg = Debug|Win32
		{78AC7BA9-CF8D-4B13-9A99-FDC1093B1298}.Debug|x86.Build.0 = Debug|Win32
		{78AC7BA9-CF8D-4B13-9A99-FDC1093B1298}.Release|Any CPU.ActiveCfg = Release|Win32
		{78AC7BA9-CF8D-4B13-9A99-FDC1093B1298}.Release|x64.ActiveCfg = Release|x64
		{78AC7BA9-CF8D-4B13-9A99-FDC1093B1298}.Release|x64.Build.0 = Release|x64
		{78AC7BA9-CF8D-4B13-9A99-FDC1093B1298}.Release|x86.ActiveCfg = Release|Win32
		{78AC7BA9-CF8D-4B13-9A99-FDC1093B1298}.Release|x86.Build.0 = Release|Win32
	EndGlobalSection
	GlobalSection(SolutionProperties) = preSolution
		HideSolutionNode = FALSE
	EndGlobalSection
	GlobalSection(ExtensibilityGlobals) = postSolution
		SolutionGuid = {F0414133-183C-4E35-B8AA-E0CD42E8B4A3}
	EndGlobalSection
EndGlobal
